# THIS IS AN AUTOGENERATED FILE. DO NOT EDIT THIS FILE DIRECTLY.
# yarn lockfile v1


json-api-normalizer@^1.0.0:
  version "1.0.0"
  resolved "https://registry.yarnpkg.com/json-api-normalizer/-/json-api-normalizer-1.0.0.tgz#183c53017aa8f8cfd96dbed45227bb4790bbfd04"
  integrity sha512-usS3CbKJliWLVhARZF4sUlalLVetITDeGZghV9lpBbP25Gm8xx0GUmmMXM0aimCGb9ntva+1gvTbQ/MekcMucA==
  dependencies:
    lodash "^4.17.15"

lodash@^4.17.15:
  version "4.17.20"
  resolved "https://registry.yarnpkg.com/lodash/-/lodash-4.17.20.tgz#b44a9b6297bcb698f1c51a3545a2b3b368d59c52"
  integrity sha512-PlhdFcillOINfeV7Ni6oF1TAEayyZBoZ8bcshTHqOYJYlrqzRK5hagpagky5o4HfCzzd1TRkXPMFq6cKk9rGmA==

redux-object@^0.5.10:
  version "0.5.10"
  resolved "https://registry.yarnpkg.com/redux-object/-/redux-object-0.5.10.tgz#20013b59f946b4a7262a69cedf83feb5dc3cae9b"
  integrity sha512-MzAPCIvJW5jtVW1JiIQTGJHi38cSKzrLStszInVcPspjIyvzZDsZ4RWoGzJl57GsDN1ftSNdL9NcaPAY08mxQQ==
